
Microsoft Visual Studio Solution File, Format Version 12.00
# Visual Studio 2013
VisualStudioVersion = 12.0.30110.0
MinimumVisualStudioVersion = 10.0.40219.1
Project("{2150E333-8FDC-42A3-9474-1A3956D46DE8}") = "Library", "Library", "{B828A546-29B5-439D-8561-462B192FB458}"
EndProject
Project("{2150E333-8FDC-42A3-9474-1A3956D46DE8}") = "Utility", "Utility", "{11DD3185-BF27-4568-ADFD-D9EC8F55E377}"
EndProject
Project("{FAE04EC0-301F-11D3-BF4B-00C04F79EFBC}") = "MGenerator.Utility", "MGenerator.Utility\MGenerator.Utility.csproj", "{BCD29960-85A8-4132-B98B-EFAAEC2689F3}"
EndProject
Project("{FAE04EC0-301F-11D3-BF4B-00C04F79EFBC}") = "MGenerator.Library", "MGenerator.Library\MGenerator.Library.csproj", "{84B172E3-47B4-4A68-86FF-7F27A130A423}"
EndProject
Global
	GlobalSection(SolutionConfigurationPlatforms) = preSolution
		Debug|Any CPU = Debug|Any CPU
		Release|Any CPU = Release|Any CPU
	EndGlobalSection
	GlobalSection(ProjectConfigurationPlatforms) = postSolution
		{BCD29960-85A8-4132-B98B-EFAAEC2689F3}.Debug|Any CPU.ActiveCfg = Debug|Any CPU
		{BCD29960-85A8-4132-B98B-EFAAEC2689F3}.Debug|Any CPU.Build.0 = Debug|Any CPU
		{BCD29960-85A8-4132-B98B-EFAAEC2689F3}.Release|Any CPU.ActiveCfg = Release|Any CPU
		{BCD29960-85A8-4132-B98B-EFAAEC2689F3}.Release|Any CPU.Build.0 = Release|Any CPU
		{84B172E3-47B4-4A68-86FF-7F27A130A423}.Debug|Any CPU.ActiveCfg = Debug|Any CPU
		{84B172E3-47B4-4A68-86FF-7F27A130A423}.Debug|Any CPU.Build.0 = Debug|Any CPU
		{84B172E3-47B4-4A68-86FF-7F27A130A423}.Release|Any CPU.ActiveCfg = Release|Any CPU
		{84B172E3-47B4-4A68-86FF-7F27A130A423}.Release|Any CPU.Build.0 = Release|Any CPU
	EndGlobalSection
	GlobalSection(SolutionProperties) = preSolution
		HideSolutionNode = FALSE
	EndGlobalSection
	GlobalSection(NestedProjects) = preSolution
		{84B172E3-47B4-4A68-86FF-7F27A130A423} = {B828A546-29B5-439D-8561-462B192FB458}
		{BCD29960-85A8-4132-B98B-EFAAEC2689F3} = {11DD3185-BF27-4568-ADFD-D9EC8F55E377}
	EndGlobalSection
EndGlobal
